<?xml version="1.0" encoding="utf-8"?>
<Project ToolsVersion="17.0" xmlns="http://schemas.microsoft.com/developer/msbuild/2003">
  <ItemGroup>
    <CustomBuild Include="C:\WorkSource\Libs\SFML\SFML-build\CMakeFiles\0129917ee24721ff8d62345934c4297b\INSTALL_force.rule">
      <Filter>CMake Rules</Filter>
    </CustomBuild>
  </ItemGroup>
  <ItemGroup>
    <Filter Include="CMake Rules">
      <UniqueIdentifier>{35F09897-1014-3128-A968-A183AAF72F41}</UniqueIdentifier>
    </Filter>
  </ItemGroup>
</Project>
