
Microsoft Visual Studio Solution File, Format Version 12.00
# Visual Studio Version 17
Project("{2150E333-8FDC-42A3-9474-1A3956D46DE8}") = "CMake", "CMake", "{2C6413CE-8F40-3464-B339-90ED6D216782}"
EndProject
Project("{2150E333-8FDC-42A3-9474-1A3956D46DE8}") = "SFML", "SFML", "{EBA6B04A-F7EA-3EF9-9F52-7C80058731B5}"
EndProject
Project("{8BC9CEB8-8B4A-11D0-8D11-00A0C91BC942}") = "ALL_BUILD", "ALL_BUILD.vcxproj", "{2EF6019B-6FB5-332C-9479-CDF6AC224160}"
	ProjectSection(ProjectDependencies) = postProject
		{9C27AAF3-FC94-3508-A625-0D772FF76F9B} = {9C27AAF3-FC94-3508-A625-0D772FF76F9B}
		{9CBE408A-C8BB-3E18-B58A-B76969EEE5F0} = {9CBE408A-C8BB-3E18-B58A-B76969EEE5F0}
		{C96FD7B5-664F-3687-B5A6-03915B5C1DF2} = {C96FD7B5-664F-3687-B5A6-03915B5C1DF2}
		{AB6DA9F3-315B-306E-90E9-C40C7C7055B8} = {AB6DA9F3-315B-306E-90E9-C40C7C7055B8}
		{203C2966-38A1-3BA2-B919-F4E83D9602F1} = {203C2966-38A1-3BA2-B919-F4E83D9602F1}
		{6F064B43-7A76-32F8-A3ED-7E765D383BC3} = {6F064B43-7A76-32F8-A3ED-7E765D383BC3}
		{018CFB04-6E0E-380F-8DE9-852DF0CB0E36} = {018CFB04-6E0E-380F-8DE9-852DF0CB0E36}
	EndProjectSection
EndProject
Project("{8BC9CEB8-8B4A-11D0-8D11-00A0C91BC942}") = "INSTALL", "INSTALL.vcxproj", "{314BB6CB-BAAA-3C19-BA1A-C4FFA3A6A36E}"
	ProjectSection(ProjectDependencies) = postProject
		{2EF6019B-6FB5-332C-9479-CDF6AC224160} = {2EF6019B-6FB5-332C-9479-CDF6AC224160}
		{9C27AAF3-FC94-3508-A625-0D772FF76F9B} = {9C27AAF3-FC94-3508-A625-0D772FF76F9B}
	EndProjectSection
EndProject
Project("{8BC9CEB8-8B4A-11D0-8D11-00A0C91BC942}") = "PACKAGE", "PACKAGE.vcxproj", "{D606E0E4-FBA5-352F-B29A-1B5CECD28012}"
	ProjectSection(ProjectDependencies) = postProject
		{2EF6019B-6FB5-332C-9479-CDF6AC224160} = {2EF6019B-6FB5-332C-9479-CDF6AC224160}
		{9C27AAF3-FC94-3508-A625-0D772FF76F9B} = {9C27AAF3-FC94-3508-A625-0D772FF76F9B}
	EndProjectSection
EndProject
Project("{8BC9CEB8-8B4A-11D0-8D11-00A0C91BC942}") = "ZERO_CHECK", "ZERO_CHECK.vcxproj", "{9C27AAF3-FC94-3508-A625-0D772FF76F9B}"
	ProjectSection(ProjectDependencies) = postProject
	EndProjectSection
EndProject
Project("{8BC9CEB8-8B4A-11D0-8D11-00A0C91BC942}") = "sfml-audio", "src\SFML\Audio\sfml-audio.vcxproj", "{9CBE408A-C8BB-3E18-B58A-B76969EEE5F0}"
	ProjectSection(ProjectDependencies) = postProject
		{9C27AAF3-FC94-3508-A625-0D772FF76F9B} = {9C27AAF3-FC94-3508-A625-0D772FF76F9B}
		{6F064B43-7A76-32F8-A3ED-7E765D383BC3} = {6F064B43-7A76-32F8-A3ED-7E765D383BC3}
	EndProjectSection
EndProject
Project("{8BC9CEB8-8B4A-11D0-8D11-00A0C91BC942}") = "sfml-graphics", "src\SFML\Graphics\sfml-graphics.vcxproj", "{C96FD7B5-664F-3687-B5A6-03915B5C1DF2}"
	ProjectSection(ProjectDependencies) = postProject
		{9C27AAF3-FC94-3508-A625-0D772FF76F9B} = {9C27AAF3-FC94-3508-A625-0D772FF76F9B}
		{6F064B43-7A76-32F8-A3ED-7E765D383BC3} = {6F064B43-7A76-32F8-A3ED-7E765D383BC3}
		{018CFB04-6E0E-380F-8DE9-852DF0CB0E36} = {018CFB04-6E0E-380F-8DE9-852DF0CB0E36}
	EndProjectSection
EndProject
Project("{8BC9CEB8-8B4A-11D0-8D11-00A0C91BC942}") = "sfml-main", "src\SFML\Main\sfml-main.vcxproj", "{AB6DA9F3-315B-306E-90E9-C40C7C7055B8}"
	ProjectSection(ProjectDependencies) = postProject
		{9C27AAF3-FC94-3508-A625-0D772FF76F9B} = {9C27AAF3-FC94-3508-A625-0D772FF76F9B}
	EndProjectSection
EndProject
Project("{8BC9CEB8-8B4A-11D0-8D11-00A0C91BC942}") = "sfml-network", "src\SFML\Network\sfml-network.vcxproj", "{203C2966-38A1-3BA2-B919-F4E83D9602F1}"
	ProjectSection(ProjectDependencies) = postProject
		{9C27AAF3-FC94-3508-A625-0D772FF76F9B} = {9C27AAF3-FC94-3508-A625-0D772FF76F9B}
		{6F064B43-7A76-32F8-A3ED-7E765D383BC3} = {6F064B43-7A76-32F8-A3ED-7E765D383BC3}
	EndProjectSection
EndProject
Project("{8BC9CEB8-8B4A-11D0-8D11-00A0C91BC942}") = "sfml-system", "src\SFML\System\sfml-system.vcxproj", "{6F064B43-7A76-32F8-A3ED-7E765D383BC3}"
	ProjectSection(ProjectDependencies) = postProject
		{9C27AAF3-FC94-3508-A625-0D772FF76F9B} = {9C27AAF3-FC94-3508-A625-0D772FF76F9B}
	EndProjectSection
EndProject
Project("{8BC9CEB8-8B4A-11D0-8D11-00A0C91BC942}") = "sfml-window", "src\SFML\Window\sfml-window.vcxproj", "{018CFB04-6E0E-380F-8DE9-852DF0CB0E36}"
	ProjectSection(ProjectDependencies) = postProject
		{9C27AAF3-FC94-3508-A625-0D772FF76F9B} = {9C27AAF3-FC94-3508-A625-0D772FF76F9B}
		{6F064B43-7A76-32F8-A3ED-7E765D383BC3} = {6F064B43-7A76-32F8-A3ED-7E765D383BC3}
	EndProjectSection
EndProject
Global
	GlobalSection(SolutionConfigurationPlatforms) = preSolution
		Debug|x64 = Debug|x64
		Release|x64 = Release|x64
		MinSizeRel|x64 = MinSizeRel|x64
		RelWithDebInfo|x64 = RelWithDebInfo|x64
	EndGlobalSection
	GlobalSection(ProjectConfigurationPlatforms) = postSolution
		{2EF6019B-6FB5-332C-9479-CDF6AC224160}.Debug|x64.ActiveCfg = Debug|x64
		{2EF6019B-6FB5-332C-9479-CDF6AC224160}.Debug|x64.Build.0 = Debug|x64
		{2EF6019B-6FB5-332C-9479-CDF6AC224160}.Release|x64.ActiveCfg = Release|x64
		{2EF6019B-6FB5-332C-9479-CDF6AC224160}.Release|x64.Build.0 = Release|x64
		{2EF6019B-6FB5-332C-9479-CDF6AC224160}.MinSizeRel|x64.ActiveCfg = MinSizeRel|x64
		{2EF6019B-6FB5-332C-9479-CDF6AC224160}.MinSizeRel|x64.Build.0 = MinSizeRel|x64
		{2EF6019B-6FB5-332C-9479-CDF6AC224160}.RelWithDebInfo|x64.ActiveCfg = RelWithDebInfo|x64
		{2EF6019B-6FB5-332C-9479-CDF6AC224160}.RelWithDebInfo|x64.Build.0 = RelWithDebInfo|x64
		{314BB6CB-BAAA-3C19-BA1A-C4FFA3A6A36E}.Debug|x64.ActiveCfg = Debug|x64
		{314BB6CB-BAAA-3C19-BA1A-C4FFA3A6A36E}.Release|x64.ActiveCfg = Release|x64
		{314BB6CB-BAAA-3C19-BA1A-C4FFA3A6A36E}.MinSizeRel|x64.ActiveCfg = MinSizeRel|x64
		{314BB6CB-BAAA-3C19-BA1A-C4FFA3A6A36E}.RelWithDebInfo|x64.ActiveCfg = RelWithDebInfo|x64
		{D606E0E4-FBA5-352F-B29A-1B5CECD28012}.Debug|x64.ActiveCfg = Debug|x64
		{D606E0E4-FBA5-352F-B29A-1B5CECD28012}.Release|x64.ActiveCfg = Release|x64
		{D606E0E4-FBA5-352F-B29A-1B5CECD28012}.MinSizeRel|x64.ActiveCfg = MinSizeRel|x64
		{D606E0E4-FBA5-352F-B29A-1B5CECD28012}.RelWithDebInfo|x64.ActiveCfg = RelWithDebInfo|x64
		{9C27AAF3-FC94-3508-A625-0D772FF76F9B}.Debug|x64.ActiveCfg = Debug|x64
		{9C27AAF3-FC94-3508-A625-0D772FF76F9B}.Debug|x64.Build.0 = Debug|x64
		{9C27AAF3-FC94-3508-A625-0D772FF76F9B}.Release|x64.ActiveCfg = Release|x64
		{9C27AAF3-FC94-3508-A625-0D772FF76F9B}.Release|x64.Build.0 = Release|x64
		{9C27AAF3-FC94-3508-A625-0D772FF76F9B}.MinSizeRel|x64.ActiveCfg = MinSizeRel|x64
		{9C27AAF3-FC94-3508-A625-0D772FF76F9B}.MinSizeRel|x64.Build.0 = MinSizeRel|x64
		{9C27AAF3-FC94-3508-A625-0D772FF76F9B}.RelWithDebInfo|x64.ActiveCfg = RelWithDebInfo|x64
		{9C27AAF3-FC94-3508-A625-0D772FF76F9B}.RelWithDebInfo|x64.Build.0 = RelWithDebInfo|x64
		{9CBE408A-C8BB-3E18-B58A-B76969EEE5F0}.Debug|x64.ActiveCfg = Debug|x64
		{9CBE408A-C8BB-3E18-B58A-B76969EEE5F0}.Debug|x64.Build.0 = Debug|x64
		{9CBE408A-C8BB-3E18-B58A-B76969EEE5F0}.Release|x64.ActiveCfg = Release|x64
		{9CBE408A-C8BB-3E18-B58A-B76969EEE5F0}.Release|x64.Build.0 = Release|x64
		{9CBE408A-C8BB-3E18-B58A-B76969EEE5F0}.MinSizeRel|x64.ActiveCfg = MinSizeRel|x64
		{9CBE408A-C8BB-3E18-B58A-B76969EEE5F0}.MinSizeRel|x64.Build.0 = MinSizeRel|x64
		{9CBE408A-C8BB-3E18-B58A-B76969EEE5F0}.RelWithDebInfo|x64.ActiveCfg = RelWithDebInfo|x64
		{9CBE408A-C8BB-3E18-B58A-B76969EEE5F0}.RelWithDebInfo|x64.Build.0 = RelWithDebInfo|x64
		{C96FD7B5-664F-3687-B5A6-03915B5C1DF2}.Debug|x64.ActiveCfg = Debug|x64
		{C96FD7B5-664F-3687-B5A6-03915B5C1DF2}.Debug|x64.Build.0 = Debug|x64
		{C96FD7B5-664F-3687-B5A6-03915B5C1DF2}.Release|x64.ActiveCfg = Release|x64
		{C96FD7B5-664F-3687-B5A6-03915B5C1DF2}.Release|x64.Build.0 = Release|x64
		{C96FD7B5-664F-3687-B5A6-03915B5C1DF2}.MinSizeRel|x64.ActiveCfg = MinSizeRel|x64
		{C96FD7B5-664F-3687-B5A6-03915B5C1DF2}.MinSizeRel|x64.Build.0 = MinSizeRel|x64
		{C96FD7B5-664F-3687-B5A6-03915B5C1DF2}.RelWithDebInfo|x64.ActiveCfg = RelWithDebInfo|x64
		{C96FD7B5-664F-3687-B5A6-03915B5C1DF2}.RelWithDebInfo|x64.Build.0 = RelWithDebInfo|x64
		{AB6DA9F3-315B-306E-90E9-C40C7C7055B8}.Debug|x64.ActiveCfg = Debug|x64
		{AB6DA9F3-315B-306E-90E9-C40C7C7055B8}.Debug|x64.Build.0 = Debug|x64
		{AB6DA9F3-315B-306E-90E9-C40C7C7055B8}.Release|x64.ActiveCfg = Release|x64
		{AB6DA9F3-315B-306E-90E9-C40C7C7055B8}.Release|x64.Build.0 = Release|x64
		{AB6DA9F3-315B-306E-90E9-C40C7C7055B8}.MinSizeRel|x64.ActiveCfg = MinSizeRel|x64
		{AB6DA9F3-315B-306E-90E9-C40C7C7055B8}.MinSizeRel|x64.Build.0 = MinSizeRel|x64
		{AB6DA9F3-315B-306E-90E9-C40C7C7055B8}.RelWithDebInfo|x64.ActiveCfg = RelWithDebInfo|x64
		{AB6DA9F3-315B-306E-90E9-C40C7C7055B8}.RelWithDebInfo|x64.Build.0 = RelWithDebInfo|x64
		{203C2966-38A1-3BA2-B919-F4E83D9602F1}.Debug|x64.ActiveCfg = Debug|x64
		{203C2966-38A1-3BA2-B919-F4E83D9602F1}.Debug|x64.Build.0 = Debug|x64
		{203C2966-38A1-3BA2-B919-F4E83D9602F1}.Release|x64.ActiveCfg = Release|x64
		{203C2966-38A1-3BA2-B919-F4E83D9602F1}.Release|x64.Build.0 = Release|x64
		{203C2966-38A1-3BA2-B919-F4E83D9602F1}.MinSizeRel|x64.ActiveCfg = MinSizeRel|x64
		{203C2966-38A1-3BA2-B919-F4E83D9602F1}.MinSizeRel|x64.Build.0 = MinSizeRel|x64
		{203C2966-38A1-3BA2-B919-F4E83D9602F1}.RelWithDebInfo|x64.ActiveCfg = RelWithDebInfo|x64
		{203C2966-38A1-3BA2-B919-F4E83D9602F1}.RelWithDebInfo|x64.Build.0 = RelWithDebInfo|x64
		{6F064B43-7A76-32F8-A3ED-7E765D383BC3}.Debug|x64.ActiveCfg = Debug|x64
		{6F064B43-7A76-32F8-A3ED-7E765D383BC3}.Debug|x64.Build.0 = Debug|x64
		{6F064B43-7A76-32F8-A3ED-7E765D383BC3}.Release|x64.ActiveCfg = Release|x64
		{6F064B43-7A76-32F8-A3ED-7E765D383BC3}.Release|x64.Build.0 = Release|x64
		{6F064B43-7A76-32F8-A3ED-7E765D383BC3}.MinSizeRel|x64.ActiveCfg = MinSizeRel|x64
		{6F064B43-7A76-32F8-A3ED-7E765D383BC3}.MinSizeRel|x64.Build.0 = MinSizeRel|x64
		{6F064B43-7A76-32F8-A3ED-7E765D383BC3}.RelWithDebInfo|x64.ActiveCfg = RelWithDebInfo|x64
		{6F064B43-7A76-32F8-A3ED-7E765D383BC3}.RelWithDebInfo|x64.Build.0 = RelWithDebInfo|x64
		{018CFB04-6E0E-380F-8DE9-852DF0CB0E36}.Debug|x64.ActiveCfg = Debug|x64
		{018CFB04-6E0E-380F-8DE9-852DF0CB0E36}.Debug|x64.Build.0 = Debug|x64
		{018CFB04-6E0E-380F-8DE9-852DF0CB0E36}.Release|x64.ActiveCfg = Release|x64
		{018CFB04-6E0E-380F-8DE9-852DF0CB0E36}.Release|x64.Build.0 = Release|x64
		{018CFB04-6E0E-380F-8DE9-852DF0CB0E36}.MinSizeRel|x64.ActiveCfg = MinSizeRel|x64
		{018CFB04-6E0E-380F-8DE9-852DF0CB0E36}.MinSizeRel|x64.Build.0 = MinSizeRel|x64
		{018CFB04-6E0E-380F-8DE9-852DF0CB0E36}.RelWithDebInfo|x64.ActiveCfg = RelWithDebInfo|x64
		{018CFB04-6E0E-380F-8DE9-852DF0CB0E36}.RelWithDebInfo|x64.Build.0 = RelWithDebInfo|x64
	EndGlobalSection
	GlobalSection(NestedProjects) = preSolution
		{2EF6019B-6FB5-332C-9479-CDF6AC224160} = {2C6413CE-8F40-3464-B339-90ED6D216782}
		{314BB6CB-BAAA-3C19-BA1A-C4FFA3A6A36E} = {2C6413CE-8F40-3464-B339-90ED6D216782}
		{D606E0E4-FBA5-352F-B29A-1B5CECD28012} = {2C6413CE-8F40-3464-B339-90ED6D216782}
		{9C27AAF3-FC94-3508-A625-0D772FF76F9B} = {2C6413CE-8F40-3464-B339-90ED6D216782}
		{9CBE408A-C8BB-3E18-B58A-B76969EEE5F0} = {EBA6B04A-F7EA-3EF9-9F52-7C80058731B5}
		{C96FD7B5-664F-3687-B5A6-03915B5C1DF2} = {EBA6B04A-F7EA-3EF9-9F52-7C80058731B5}
		{AB6DA9F3-315B-306E-90E9-C40C7C7055B8} = {EBA6B04A-F7EA-3EF9-9F52-7C80058731B5}
		{203C2966-38A1-3BA2-B919-F4E83D9602F1} = {EBA6B04A-F7EA-3EF9-9F52-7C80058731B5}
		{6F064B43-7A76-32F8-A3ED-7E765D383BC3} = {EBA6B04A-F7EA-3EF9-9F52-7C80058731B5}
		{018CFB04-6E0E-380F-8DE9-852DF0CB0E36} = {EBA6B04A-F7EA-3EF9-9F52-7C80058731B5}
	EndGlobalSection
	GlobalSection(ExtensibilityGlobals) = postSolution
		SolutionGuid = {2E2E77F1-C088-3CD1-8C6B-BCAA3D227C12}
	EndGlobalSection
	GlobalSection(ExtensibilityAddIns) = postSolution
	EndGlobalSection
EndGlobal
